// !$*UTF8*$!
{
	archiveVersion = 1;
	classes = {
	};
	objectVersion = 56;
	objects = {

/* Begin PBXBuildFile section */
		181779852B44085000F41446 /* AppDelegate.swift in Sources */ = {isa = PBXBuildFile; fileRef = 181779842B44085000F41446 /* AppDelegate.swift */; };
		181779872B44085000F41446 /* SceneDelegate.swift in Sources */ = {isa = PBXBuildFile; fileRef = 181779862B44085000F41446 /* SceneDelegate.swift */; };
		181779892B44085000F41446 /* ViewController.swift in Sources */ = {isa = PBXBuildFile; fileRef = 181779882B44085000F41446 /* ViewController.swift */; };
		1817798C2B44085100F41446 /* Main.storyboard in Resources */ = {isa = PBXBuildFile; fileRef = 1817798A2B44085000F41446 /* Main.storyboard */; };
		1817798E2B44085300F41446 /* Assets.xcassets in Resources */ = {isa = PBXBuildFile; fileRef = 1817798D2B44085300F41446 /* Assets.xcassets */; };
		181779912B44085300F41446 /* LaunchScreen.storyboard in Resources */ = {isa = PBXBuildFile; fileRef = 1817798F2B44085300F41446 /* LaunchScreen.storyboard */; };
		1817799C2B4408B100F41446 /* NewDataModel.swift in Sources */ = {isa = PBXBuildFile; fileRef = 1817799B2B4408B100F41446 /* NewDataModel.swift */; };
		1817799E2B4408C900F41446 /* NewViewModel.swift in Sources */ = {isa = PBXBuildFile; fileRef = 1817799D2B4408C900F41446 /* NewViewModel.swift */; };
		181779A12B4409AC00F41446 /* NewTableViewCell.swift in Sources */ = {isa = PBXBuildFile; fileRef = 1817799F2B4409AC00F41446 /* NewTableViewCell.swift */; };
		181779A22B4409AC00F41446 /* NewTableViewCell.xib in Resources */ = {isa = PBXBuildFile; fileRef = 181779A02B4409AC00F41446 /* NewTableViewCell.xib */; };
		181779A42B4412E600F41446 /* ApiService.swift in Sources */ = {isa = PBXBuildFile; fileRef = 181779A32B4412E600F41446 /* ApiService.swift */; };
/* End PBXBuildFile section */

/* Begin PBXFileReference section */
		181779812B44085000F41446 /* MVVMTEST.app */ = {isa = PBXFileReference; explicitFileType = wrapper.application; includeInIndex = 0; path = MVVMTEST.app; sourceTree = BUILT_PRODUCTS_DIR; };
		181779842B44085000F41446 /* AppDelegate.swift */ = {isa = PBXFileReference; lastKnownFileType = sourcecode.swift; path = AppDelegate.swift; sourceTree = "<group>"; };
		181779862B44085000F41446 /* SceneDelegate.swift */ = {isa = PBXFileReference; lastKnownFileType = sourcecode.swift; path = SceneDelegate.swift; sourceTree = "<group>"; };
		181779882B44085000F41446 /* ViewController.swift */ = {isa = PBXFileReference; lastKnownFileType = sourcecode.swift; path = ViewController.swift; sourceTree = "<group>"; };
		1817798B2B44085000F41446 /* Base */ = {isa = PBXFileReference; lastKnownFileType = file.storyboard; name = Base; path = Base.lproj/Main.storyboard; sourceTree = "<group>"; };
		1817798D2B44085300F41446 /* Assets.xcassets */ = {isa = PBXFileReference; lastKnownFileType = folder.assetcatalog; path = Assets.xcassets; sourceTree = "<group>"; };
		181779902B44085300F41446 /* Base */ = {isa = PBXFileReference; lastKnownFileType = file.storyboard; name = Base; path = Base.lproj/LaunchScreen.storyboard; sourceTree = "<group>"; };
		181779922B44085300F41446 /* Info.plist */ = {isa = PBXFileReference; lastKnownFileType = text.plist.xml; path = Info.plist; sourceTree = "<group>"; };
		1817799B2B4408B100F41446 /* NewDataModel.swift */ = {isa = PBXFileReference; lastKnownFileType = sourcecode.swift; path = NewDataModel.swift; sourceTree = "<group>"; };
		1817799D2B4408C900F41446 /* NewViewModel.swift */ = {isa = PBXFileReference; lastKnownFileType = sourcecode.swift; path = NewViewModel.swift; sourceTree = "<group>"; };
		1817799F2B4409AC00F41446 /* NewTableViewCell.swift */ = {isa = PBXFileReference; lastKnownFileType = sourcecode.swift; path = NewTableViewCell.swift; sourceTree = "<group>"; };
		181779A02B4409AC00F41446 /* NewTableViewCell.xib */ = {isa = PBXFileReference; lastKnownFileType = file.xib; path = NewTableViewCell.xib; sourceTree = "<group>"; };
		181779A32B4412E600F41446 /* ApiService.swift */ = {isa = PBXFileReference; lastKnownFileType = sourcecode.swift; path = ApiService.swift; sourceTree = "<group>"; };
/* End PBXFileReference section */

/* Begin PBXFrameworksBuildPhase section */
		1817797E2B44085000F41446 /* Frameworks */ = {
			isa = PBXFrameworksBuildPhase;
			buildActionMask = 2147483647;
			files = (
			);
			runOnlyForDeploymentPostprocessing = 0;
		};
/* End PBXFrameworksBuildPhase section */

/* Begin PBXGroup section */
		181779782B44085000F41446 = {
			isa = PBXGroup;
			children = (
				181779832B44085000F41446 /* MVVMTEST */,
				181779822B44085000F41446 /* Products */,
			);
			sourceTree = "<group>";
		};
		181779822B44085000F41446 /* Products */ = {
			isa = PBXGroup;
			children = (
				181779812B44085000F41446 /* MVVMTEST.app */,
			);
			name = Products;
			sourceTree = "<group>";
		};
		181779832B44085000F41446 /* MVVMTEST */ = {
			isa = PBXGroup;
			children = (
				1817799A2B44088900F41446 /* View */,
				181779992B44088200F41446 /* VIEWMODEL */,
				181779982B44087B00F41446 /* MODEL */,
				181779842B44085000F41446 /* AppDelegate.swift */,
				181779882B44085000F41446 /* ViewController.swift */,
				1817799F2B4409AC00F41446 /* NewTableViewCell.swift */,
				181779A02B4409AC00F41446 /* NewTableViewCell.xib */,
				181779862B44085000F41446 /* SceneDelegate.swift */,
				1817798A2B44085000F41446 /* Main.storyboard */,
				1817798D2B44085300F41446 /* Assets.xcassets */,
				1817798F2B44085300F41446 /* LaunchScreen.storyboard */,
				181779922B44085300F41446 /* Info.plist */,
			);
			path = MVVMTEST;
			sourceTree = "<group>";
		};
		181779982B44087B00F41446 /* MODEL */ = {
			isa = PBXGroup;
			children = (
				1817799B2B4408B100F41446 /* NewDataModel.swift */,
				181779A32B4412E600F41446 /* ApiService.swift */,
			);
			path = MODEL;
			sourceTree = "<group>";
		};
		181779992B44088200F41446 /* VIEWMODEL */ = {
			isa = PBXGroup;
			children = (
				1817799D2B4408C900F41446 /* NewViewModel.swift */,
			);
			path = VIEWMODEL;
			sourceTree = "<group>";
		};
		1817799A2B44088900F41446 /* View */ = {
			isa = PBXGroup;
			children = (
			);
			path = View;
			sourceTree = "<group>";
		};
/* End PBXGroup section */

/* Begin PBXNativeTarget section */
		181779802B44085000F41446 /* MVVMTEST */ = {
			isa = PBXNativeTarget;
			buildConfigurationList = 181779952B44085300F41446 /* Build configuration list for PBXNativeTarget "MVVMTEST" */;
			buildPhases = (
				1817797D2B44085000F41446 /* Sources */,
				1817797E2B44085000F41446 /* Frameworks */,
				1817797F2B44085000F41446 /* Resources */,
			);
			buildRules = (
			);
			dependencies = (
			);
			name = MVVMTEST;
			productName = MVVMTEST;
			productReference = 181779812B44085000F41446 /* MVVMTEST.app */;
			productType = "com.apple.product-type.application";
		};
/* End PBXNativeTarget section */

/* Begin PBXProject section */
		181779792B44085000F41446 /* Project object */ = {
			isa = PBXProject;
			attributes = {
				BuildIndependentTargetsInParallel = 1;
				LastSwiftUpdateCheck = 1510;
				LastUpgradeCheck = 1510;
				TargetAttributes = {
					181779802B44085000F41446 = {
						CreatedOnToolsVersion = 15.1;
					};
				};
			};
			buildConfigurationList = 1817797C2B44085000F41446 /* Build configuration list for PBXProject "MVVMTEST" */;
			compatibilityVersion = "Xcode 14.0";
			developmentRegion = en;
			hasScannedForEncodings = 0;
			knownRegions = (
				en,
				Base,
			);
			mainGroup = 181779782B44085000F41446;
			productRefGroup = 181779822B44085000F41446 /* Products */;
			projectDirPath = "";
			projectRoot = "";
			targets = (
				181779802B44085000F41446 /* MVVMTEST */,
			);
		};
/* End PBXProject section */

/* Begin PBXResourcesBuildPhase section */
		1817797F2B44085000F41446 /* Resources */ = {
			isa = PBXResourcesBuildPhase;
			buildActionMask = 2147483647;
			files = (
				181779912B44085300F41446 /* LaunchScreen.storyboard in Resources */,
				1817798E2B44085300F41446 /* Assets.xcassets in Resources */,
				181779A22B4409AC00F41446 /* NewTableViewCell.xib in Resources */,
				1817798C2B44085100F41446 /* Main.storyboard in Resources */,
			);
			runOnlyForDeploymentPostprocessing = 0;
		};
/* End PBXResourcesBuildPhase section */

/* Begin PBXSourcesBuildPhase section */
		1817797D2B44085000F41446 /* Sources */ = {
			isa = PBXSourcesBuildPhase;
			buildActionMask = 2147483647;
			files = (
				181779A12B4409AC00F41446 /* NewTableViewCell.swift in Sources */,
				181779892B44085000F41446 /* ViewController.swift in Sources */,
				1817799E2B4408C900F41446 /* NewViewModel.swift in Sources */,
				181779852B44085000F41446 /* AppDelegate.swift in Sources */,
				1817799C2B4408B100F41446 /* NewDataModel.swift in Sources */,
				181779A42B4412E600F41446 /* ApiService.swift in Sources */,
				181779872B44085000F41446 /* SceneDelegate.swift in Sources */,
			);
			runOnlyForDeploymentPostprocessing = 0;
		};
/* End PBXSourcesBuildPhase section */

/* Begin PBXVariantGroup section */
		1817798A2B44085000F41446 /* Main.storyboard */ = {
			isa = PBXVariantGroup;
			children = (
				1817798B2B44085000F41446 /* Base */,
			);
			name = Main.storyboard;
			sourceTree = "<group>";
		};
		1817798F2B44085300F41446 /* LaunchScreen.storyboard */ = {
			isa = PBXVariantGroup;
			children = (
				181779902B44085300F41446 /* Base */,
			);
			name = LaunchScreen.storyboard;
			sourceTree = "<group>";
		};
/* End PBXVariantGroup section */

/* Begin XCBuildConfiguration section */
		181779932B44085300F41446 /* Debug */ = {
			isa = XCBuildConfiguration;
			buildSettings = {
				ALWAYS_SEARCH_USER_PATHS = NO;
				ASSETCATALOG_COMPILER_GENERATE_SWIFT_ASSET_SYMBOL_EXTENSIONS = YES;
				CLANG_ANALYZER_NONNULL = YES;
				CLANG_ANALYZER_NUMBER_OBJECT_CONVERSION = YES_AGGRESSIVE;
				CLANG_CXX_LANGUAGE_STANDARD = "gnu++20";
				CLANG_ENABLE_MODULES = YES;
				CLANG_ENABLE_OBJC_ARC = YES;
				CLANG_ENABLE_OBJC_WEAK = YES;
				CLANG_WARN_BLOCK_CAPTURE_AUTORELEASING = YES;
				CLANG_WARN_BOOL_CONVERSION = YES;
				CLANG_WARN_COMMA = YES;
				CLANG_WARN_CONSTANT_CONVERSION = YES;
				CLANG_WARN_DEPRECATED_OBJC_IMPLEMENTATIONS = YES;
				CLANG_WARN_DIRECT_OBJC_ISA_USAGE = YES_ERROR;
				CLANG_WARN_DOCUMENTATION_COMMENTS = YES;
				CLANG_WARN_EMPTY_BODY = YES;
				CLANG_WARN_ENUM_CONVERSION = YES;
				CLANG_WARN_INFINITE_RECURSION = YES;
				CLANG_WARN_INT_CONVERSION = YES;
				CLANG_WARN_NON_LITERAL_NULL_CONVERSION = YES;
				CLANG_WARN_OBJC_IMPLICIT_RETAIN_SELF = YES;
				CLANG_WARN_OBJC_LITERAL_CONVERSION = YES;
				CLANG_WARN_OBJC_ROOT_CLASS = YES_ERROR;
				CLANG_WARN_QUOTED_INCLUDE_IN_FRAMEWORK_HEADER = YES;
				CLANG_WARN_RANGE_LOOP_ANALYSIS = YES;
				CLANG_WARN_STRICT_PROTOTYPES = YES;
				CLANG_WARN_SUSPICIOUS_MOVE = YES;
				CLANG_WARN_UNGUARDED_AVAILABILITY = YES_AGGRESSIVE;
				CLANG_WARN_UNREACHABLE_CODE = YES;
				CLANG_WARN__DUPLICATE_METHOD_MATCH = YES;
				COPY_PHASE_STRIP = NO;
				DEBUG_INFORMATION_FORMAT = dwarf;
				ENABLE_STRICT_OBJC_MSGSEND = YES;
				ENABLE_TESTABILITY = YES;
				ENABLE_USER_SCRIPT_SANDBOXING = YES;
				GCC_C_LANGUAGE_STANDARD = gnu17;
				GCC_DYNAMIC_NO_PIC = NO;
				GCC_NO_COMMON_BLOCKS = YES;
				GCC_OPTIMIZATION_LEVEL = 0;
				GCC_PREPROCESSOR_DEFINITIONS = (
					"DEBUG=1",
					"$(inherited)",
				);
				GCC_WARN_64_TO_32_BIT_CONVERSION = YES;
				GCC_WARN_ABOUT_RETURN_TYPE = YES_ERROR;
				GCC_WARN_UNDECLARED_SELECTOR = YES;
				GCC_WARN_UNINITIALIZED_AUTOS = YES_AGGRESSIVE;
				GCC_WARN_UNUSED_FUNCTION = YES;
				GCC_WARN_UNUSED_VARIABLE = YES;
				IPHONEOS_DEPLOYMENT_TARGET = 17.2;
				LOCALIZATION_PREFERS_STRING_CATALOGS = YES;
				MTL_ENABLE_DEBUG_INFO = INCLUDE_SOURCE;
				MTL_FAST_MATH = YES;
				ONLY_ACTIVE_ARCH = YES;
				SDKROOT = iphoneos;
				SWIFT_ACTIVE_COMPILATION_CONDITIONS = "DEBUG $(inherited)";
				SWIFT_OPTIMIZATION_LEVEL = "-Onone";
			};
			name = Debug;
		};
		181779942B44085300F41446 /* Release */ = {
			isa = XCBuildConfiguration;
			buildSettings = {
				ALWAYS_SEARCH_USER_PATHS = NO;
				ASSETCATALOG_COMPILER_GENERATE_SWIFT_ASSET_SYMBOL_EXTENSIONS = YES;
				CLANG_ANALYZER_NONNULL = YES;
				CLANG_ANALYZER_NUMBER_OBJECT_CONVERSION = YES_AGGRESSIVE;
				CLANG_CXX_LANGUAGE_STANDARD = "gnu++20";
				CLANG_ENABLE_MODULES = YES;
				CLANG_ENABLE_OBJC_ARC = YES;
				CLANG_ENABLE_OBJC_WEAK = YES;
				CLANG_WARN_BLOCK_CAPTURE_AUTORELEASING = YES;
				CLANG_WARN_BOOL_CONVERSION = YES;
				CLANG_WARN_COMMA = YES;
				CLANG_WARN_CONSTANT_CONVERSION = YES;
				CLANG_WARN_DEPRECATED_OBJC_IMPLEMENTATIONS = YES;
				CLANG_WARN_DIRECT_OBJC_ISA_USAGE = YES_ERROR;
				CLANG_WARN_DOCUMENTATION_COMMENTS = YES;
				CLANG_WARN_EMPTY_BODY = YES;
				CLANG_WARN_ENUM_CONVERSION = YES;
				CLANG_WARN_INFINITE_RECURSION = YES;
				CLANG_WARN_INT_CONVERSION = YES;
				CLANG_WARN_NON_LITERAL_NULL_CONVERSION = YES;
				CLANG_WARN_OBJC_IMPLICIT_RETAIN_SELF = YES;
				CLANG_WARN_OBJC_LITERAL_CONVERSION = YES;
				CLANG_WARN_OBJC_ROOT_CLASS = YES_ERROR;
				CLANG_WARN_QUOTED_INCLUDE_IN_FRAMEWORK_HEADER = YES;
				CLANG_WARN_RANGE_LOOP_ANALYSIS = YES;
				CLANG_WARN_STRICT_PROTOTYPES = YES;
				CLANG_WARN_SUSPICIOUS_MOVE = YES;
				CLANG_WARN_UNGUARDED_AVAILABILITY = YES_AGGRESSIVE;
				CLANG_WARN_UNREACHABLE_CODE = YES;
				CLANG_WARN__DUPLICATE_METHOD_MATCH = YES;
				COPY_PHASE_STRIP = NO;
				DEBUG_INFORMATION_FORMAT = "dwarf-with-dsym";
				ENABLE_NS_ASSERTIONS = NO;
				ENABLE_STRICT_OBJC_MSGSEND = YES;
				ENABLE_USER_SCRIPT_SANDBOXING = YES;
				GCC_C_LANGUAGE_STANDARD = gnu17;
				GCC_NO_COMMON_BLOCKS = YES;
				GCC_WARN_64_TO_32_BIT_CONVERSION = YES;
				GCC_WARN_ABOUT_RETURN_TYPE = YES_ERROR;
				GCC_WARN_UNDECLARED_SELECTOR = YES;
				GCC_WARN_UNINITIALIZED_AUTOS = YES_AGGRESSIVE;
				GCC_WARN_UNUSED_FUNCTION = YES;
				GCC_WARN_UNUSED_VARIABLE = YES;
				IPHONEOS_DEPLOYMENT_TARGET = 17.2;
				LOCALIZATION_PREFERS_STRING_CATALOGS = YES;
				MTL_ENABLE_DEBUG_INFO = NO;
				MTL_FAST_MATH = YES;
				SDKROOT = iphoneos;
				SWIFT_COMPILATION_MODE = wholemodule;
				VALIDATE_PRODUCT = YES;
			};
			name = Release;
		};
		181779962B44085300F41446 /* Debug */ = {
			isa = XCBuildConfiguration;
			buildSettings = {
				ASSETCATALOG_COMPILER_APPICON_NAME = AppIcon;
				ASSETCATALOG_COMPILER_GLOBAL_ACCENT_COLOR_NAME = AccentColor;
				CODE_SIGN_STYLE = Automatic;
				CURRENT_PROJECT_VERSION = 1;
				DEVELOPMENT_TEAM = SMW938DZTV;
				GENERATE_INFOPLIST_FILE = YES;
				INFOPLIST_FILE = MVVMTEST/Info.plist;
				INFOPLIST_KEY_UIApplicationSupportsIndirectInputEvents = YES;
				INFOPLIST_KEY_UILaunchStoryboardName = LaunchScreen;
				INFOPLIST_KEY_UIMainStoryboardFile = Main;
				INFOPLIST_KEY_UISupportedInterfaceOrientations_iPad = "UIInterfaceOrientationPortrait UIInterfaceOrientationPortraitUpsideDown UIInterfaceOrientationLandscapeLeft UIInterfaceOrientationLandscapeRight";
				INFOPLIST_KEY_UISupportedInterfaceOrientations_iPhone = "UIInterfaceOrientationPortrait UIInterfaceOrientationLandscapeLeft UIInterfaceOrientationLandscapeRight";
				LD_RUNPATH_SEARCH_PATHS = (
					"$(inherited)",
					"@executable_path/Frameworks",
				);
				MARKETING_VERSION = 1.0;
				PRODUCT_BUNDLE_IDENTIFIER = com.iOS..MVVMTEST;
				PRODUCT_NAME = "$(TARGET_NAME)";
				SWIFT_EMIT_LOC_STRINGS = YES;
				SWIFT_VERSION = 5.0;
				TARGETED_DEVICE_FAMILY = "1,2";
			};
			name = Debug;
		};
		181779972B44085300F41446 /* Release */ = {
			isa = XCBuildConfiguration;
			buildSettings = {
				ASSETCATALOG_COMPILER_APPICON_NAME = AppIcon;
				ASSETCATALOG_COMPILER_GLOBAL_ACCENT_COLOR_NAME = AccentColor;
				CODE_SIGN_STYLE = Automatic;
				CURRENT_PROJECT_VERSION = 1;
				DEVELOPMENT_TEAM = SMW938DZTV;
				GENERATE_INFOPLIST_FILE = YES;
				INFOPLIST_FILE = MVVMTEST/Info.plist;
				INFOPLIST_KEY_UIApplicationSupportsIndirectInputEvents = YES;
				INFOPLIST_KEY_UILaunchStoryboardName = LaunchScreen;
				INFOPLIST_KEY_UIMainStoryboardFile = Main;
				INFOPLIST_KEY_UISupportedInterfaceOrientations_iPad = "UIInterfaceOrientationPortrait UIInterfaceOrientationPortraitUpsideDown UIInterfaceOrientationLandscapeLeft UIInterfaceOrientationLandscapeRight";
				INFOPLIST_KEY_UISupportedInterfaceOrientations_iPhone = "UIInterfaceOrientationPortrait UIInterfaceOrientationLandscapeLeft UIInterfaceOrientationLandscapeRight";
				LD_RUNPATH_SEARCH_PATHS = (
					"$(inherited)",
					"@executable_path/Frameworks",
				);
				MARKETING_VERSION = 1.0;
				PRODUCT_BUNDLE_IDENTIFIER = com.iOS..MVVMTEST;
				PRODUCT_NAME = "$(TARGET_NAME)";
				SWIFT_EMIT_LOC_STRINGS = YES;
				SWIFT_VERSION = 5.0;
				TARGETED_DEVICE_FAMILY = "1,2";
			};
			name = Release;
		};
/* End XCBuildConfiguration section */

/* Begin XCConfigurationList section */
		1817797C2B44085000F41446 /* Build configuration list for PBXProject "MVVMTEST" */ = {
			isa = XCConfigurationList;
			buildConfigurations = (
				181779932B44085300F41446 /* Debug */,
				181779942B44085300F41446 /* Release */,
			);
			defaultConfigurationIsVisible = 0;
			defaultConfigurationName = Release;
		};
		181779952B44085300F41446 /* Build configuration list for PBXNativeTarget "MVVMTEST" */ = {
			isa = XCConfigurationList;
			buildConfigurations = (
				181779962B44085300F41446 /* Debug */,
				181779972B44085300F41446 /* Release */,
			);
			defaultConfigurationIsVisible = 0;
			defaultConfigurationName = Release;
		};
/* End XCConfigurationList section */
	};
	rootObject = 181779792B44085000F41446 /* Project object */;
}
